<Solution>
  <Project Path="ChatService.Interface\ChatService.Interface.csproj" Type="Classic C#" />
  <Project Path="ChatService\ChatService.csproj" Type="Classic C#" />
  <Project Path="Client\Client.csproj" Type="Classic C#" />
  <Project Path="Data\Data.csproj" Type="Classic C#" />
  <Project Path="DB.Interface\DB.Interface.csproj" Type="Classic C#" />
  <Project Path="DB\DB.csproj" Type="Classic C#" />
  <Project Path="Repository.Tests\Repository.Tests.csproj" Type="Classic C#" />
  <Project Path="Repository\Repository.csproj" Type="Classic C#" />
</Solution>