
Microsoft Visual Studio Solution File, Format Version 12.00
Project("{FAE04EC0-301F-11D3-BF4B-00C04F79EFBC}") = "MyConverter", "MyConverter\MyConverter.csproj", "{F0582B86-C1E2-4688-B9A9-DB9F903A5BDC}"
EndProject
Project("{FAE04EC0-301F-11D3-BF4B-00C04F79EFBC}") = "MyConverter.Interface", "MyConverter.Interface\MyConverter.Interface.csproj", "{DD67D8AF-63BA-402A-B999-5200D3AD21FB}"
EndProject
Project("{FAE04EC0-301F-11D3-BF4B-00C04F79EFBC}") = "MyConverter.TempTest", "MyConverter.TempTest\MyConverter.TempTest.csproj", "{1EEDA9B6-F971-4F83-A78D-E388A12DA59B}"
EndProject
Project("{FAE04EC0-301F-11D3-BF4B-00C04F79EFBC}") = "Client1", "Client1\Client1.csproj", "{A5FA04A0-C754-4EBA-9C86-0F5205D26047}"
EndProject
Project("{FAE04EC0-301F-11D3-BF4B-00C04F79EFBC}") = "Client", "Client\Client.csproj", "{74224A52-A110-4D4D-BE10-3C0B3A833015}"
EndProject
Global
	GlobalSection(SolutionConfigurationPlatforms) = preSolution
		Debug|Any CPU = Debug|Any CPU
		Release|Any CPU = Release|Any CPU
	EndGlobalSection
	GlobalSection(ProjectConfigurationPlatforms) = postSolution
		{F0582B86-C1E2-4688-B9A9-DB9F903A5BDC}.Debug|Any CPU.ActiveCfg = Debug|Any CPU
		{F0582B86-C1E2-4688-B9A9-DB9F903A5BDC}.Debug|Any CPU.Build.0 = Debug|Any CPU
		{F0582B86-C1E2-4688-B9A9-DB9F903A5BDC}.Release|Any CPU.ActiveCfg = Release|Any CPU
		{F0582B86-C1E2-4688-B9A9-DB9F903A5BDC}.Release|Any CPU.Build.0 = Release|Any CPU
		{DD67D8AF-63BA-402A-B999-5200D3AD21FB}.Debug|Any CPU.ActiveCfg = Debug|Any CPU
		{DD67D8AF-63BA-402A-B999-5200D3AD21FB}.Debug|Any CPU.Build.0 = Debug|Any CPU
		{DD67D8AF-63BA-402A-B999-5200D3AD21FB}.Release|Any CPU.ActiveCfg = Release|Any CPU
		{DD67D8AF-63BA-402A-B999-5200D3AD21FB}.Release|Any CPU.Build.0 = Release|Any CPU
		{1EEDA9B6-F971-4F83-A78D-E388A12DA59B}.Debug|Any CPU.ActiveCfg = Debug|Any CPU
		{1EEDA9B6-F971-4F83-A78D-E388A12DA59B}.Debug|Any CPU.Build.0 = Debug|Any CPU
		{1EEDA9B6-F971-4F83-A78D-E388A12DA59B}.Release|Any CPU.ActiveCfg = Release|Any CPU
		{1EEDA9B6-F971-4F83-A78D-E388A12DA59B}.Release|Any CPU.Build.0 = Release|Any CPU
		{A5FA04A0-C754-4EBA-9C86-0F5205D26047}.Debug|Any CPU.ActiveCfg = Debug|Any CPU
		{A5FA04A0-C754-4EBA-9C86-0F5205D26047}.Debug|Any CPU.Build.0 = Debug|Any CPU
		{A5FA04A0-C754-4EBA-9C86-0F5205D26047}.Release|Any CPU.ActiveCfg = Release|Any CPU
		{A5FA04A0-C754-4EBA-9C86-0F5205D26047}.Release|Any CPU.Build.0 = Release|Any CPU
		{74224A52-A110-4D4D-BE10-3C0B3A833015}.Debug|Any CPU.ActiveCfg = Debug|Any CPU
		{74224A52-A110-4D4D-BE10-3C0B3A833015}.Debug|Any CPU.Build.0 = Debug|Any CPU
		{74224A52-A110-4D4D-BE10-3C0B3A833015}.Release|Any CPU.ActiveCfg = Release|Any CPU
		{74224A52-A110-4D4D-BE10-3C0B3A833015}.Release|Any CPU.Build.0 = Release|Any CPU
	EndGlobalSection
EndGlobal
